
Microsoft Visual Studio Solution File, Format Version 12.00
# Visual Studio Version 17
VisualStudioVersion = 17.5.002.0
MinimumVisualStudioVersion = 10.0.40219.1
Project("{9A19103F-16F7-4668-BE54-9A1E7A4F7556}") = "DemoApi", "DemoApi.csproj", "{40A674B4-5190-48E4-925D-9CAB8BBF80BC}"
EndProject
Global
	GlobalSection(SolutionConfigurationPlatforms) = preSolution
		Debug|Any CPU = Debug|Any CPU
		Release|Any CPU = Release|Any CPU
	EndGlobalSection
	GlobalSection(ProjectConfigurationPlatforms) = postSolution
		{40A674B4-5190-48E4-925D-9CAB8BBF80BC}.Debug|Any CPU.ActiveCfg = Debug|Any CPU
		{40A674B4-5190-48E4-925D-9CAB8BBF80BC}.Debug|Any CPU.Build.0 = Debug|Any CPU
		{40A674B4-5190-48E4-925D-9CAB8BBF80BC}.Release|Any CPU.ActiveCfg = Release|Any CPU
		{40A674B4-5190-48E4-925D-9CAB8BBF80BC}.Release|Any CPU.Build.0 = Release|Any CPU
	EndGlobalSection
	GlobalSection(SolutionProperties) = preSolution
		HideSolutionNode = FALSE
	EndGlobalSection
	GlobalSection(ExtensibilityGlobals) = postSolution
		SolutionGuid = {0A54F48E-9AF6-4292-A308-A803C3FD611D}
	EndGlobalSection
EndGlobal
